
Microsoft Visual Studio Solution File, Format Version 12.00
# Visual Studio 14
VisualStudioVersion = 14.0.25420.1
MinimumVisualStudioVersion = 10.0.40219.1
Project("{2150E333-8FDC-42A3-9474-1A3956D46DE8}") = "Core", "Core", "{2FFB3E7D-D6EA-4772-9327-21892E665EE3}"
EndProject
Project("{2150E333-8FDC-42A3-9474-1A3956D46DE8}") = "Library", "Library", "{501D7540-2E44-48A8-9F91-E1674D8B72E7}"
EndProject
Project("{2150E333-8FDC-42A3-9474-1A3956D46DE8}") = "Test", "Test", "{7C053289-7F66-48AE-BAC5-A83447307B48}"
EndProject
Project("{2150E333-8FDC-42A3-9474-1A3956D46DE8}") = "UI", "UI", "{A7015C91-76DF-44D6-8BA4-6D53F7CC983D}"
EndProject
Project("{FAE04EC0-301F-11D3-BF4B-00C04F79EFBC}") = "Exam.Admin", "Exam.Admin\Exam.Admin.csproj", "{33769AAA-231E-4742-BEEB-22936841FF55}"
EndProject
Project("{FAE04EC0-301F-11D3-BF4B-00C04F79EFBC}") = "Exam.Business.Test", "Exam.Business.Test\Exam.Business.Test.csproj", "{C6899F6D-AFD2-417D-90A2-9DC42930ED50}"
EndProject
Project("{FAE04EC0-301F-11D3-BF4B-00C04F79EFBC}") = "Exam.Business", "Exam.Business\Exam.Business.csproj", "{358EA417-A518-46B6-AF6D-9BF71315D851}"
EndProject
Project("{FAE04EC0-301F-11D3-BF4B-00C04F79EFBC}") = "Exam.Service", "Exam.Service\Exam.Service.csproj", "{F4558E2D-1AB0-4E96-BD4B-D296D168DF05}"
EndProject
Project("{FAE04EC0-301F-11D3-BF4B-00C04F79EFBC}") = "Exam.IService", "Exam.IService\Exam.IService.csproj", "{D1823CC1-3C81-47BD-962F-9CC00574FDCF}"
EndProject
Project("{FAE04EC0-301F-11D3-BF4B-00C04F79EFBC}") = "Exam.Core", "Exam.Core\Exam.Core.csproj", "{B89242CE-16C6-4A06-95E0-7EF5490B8717}"
EndProject
Project("{FAE04EC0-301F-11D3-BF4B-00C04F79EFBC}") = "Exam.Data", "Exam.Data\Exam.Data.csproj", "{5D850778-7728-4F33-945A-9D21B633AB5E}"
EndProject
Project("{FAE04EC0-301F-11D3-BF4B-00C04F79EFBC}") = "Exam.Domain", "Exam.Domain\Exam.Domain.csproj", "{45BEBECF-8116-4F31-BC00-3DE5CDAB13E7}"
EndProject
Project("{FAE04EC0-301F-11D3-BF4B-00C04F79EFBC}") = "Exam.WebCommon", "Exam.WebCommon\Exam.WebCommon.csproj", "{C44B01C3-CD93-4857-8642-23E7E9B9B861}"
EndProject
Project("{FAE04EC0-301F-11D3-BF4B-00C04F79EFBC}") = "Exam.Api", "Exam.Api\Exam.Api.csproj", "{266B21B6-CA85-4BDF-A80B-2D1898EFC3FE}"
EndProject
Global
	GlobalSection(SolutionConfigurationPlatforms) = preSolution
		Debug|Any CPU = Debug|Any CPU
		Release|Any CPU = Release|Any CPU
	EndGlobalSection
	GlobalSection(ProjectConfigurationPlatforms) = postSolution
		{33769AAA-231E-4742-BEEB-22936841FF55}.Debug|Any CPU.ActiveCfg = Debug|Any CPU
		{33769AAA-231E-4742-BEEB-22936841FF55}.Debug|Any CPU.Build.0 = Debug|Any CPU
		{33769AAA-231E-4742-BEEB-22936841FF55}.Release|Any CPU.ActiveCfg = Release|Any CPU
		{33769AAA-231E-4742-BEEB-22936841FF55}.Release|Any CPU.Build.0 = Release|Any CPU
		{C6899F6D-AFD2-417D-90A2-9DC42930ED50}.Debug|Any CPU.ActiveCfg = Debug|Any CPU
		{C6899F6D-AFD2-417D-90A2-9DC42930ED50}.Debug|Any CPU.Build.0 = Debug|Any CPU
		{C6899F6D-AFD2-417D-90A2-9DC42930ED50}.Release|Any CPU.ActiveCfg = Release|Any CPU
		{C6899F6D-AFD2-417D-90A2-9DC42930ED50}.Release|Any CPU.Build.0 = Release|Any CPU
		{358EA417-A518-46B6-AF6D-9BF71315D851}.Debug|Any CPU.ActiveCfg = Debug|Any CPU
		{358EA417-A518-46B6-AF6D-9BF71315D851}.Debug|Any CPU.Build.0 = Debug|Any CPU
		{358EA417-A518-46B6-AF6D-9BF71315D851}.Release|Any CPU.ActiveCfg = Release|Any CPU
		{358EA417-A518-46B6-AF6D-9BF71315D851}.Release|Any CPU.Build.0 = Release|Any CPU
		{F4558E2D-1AB0-4E96-BD4B-D296D168DF05}.Debug|Any CPU.ActiveCfg = Debug|Any CPU
		{F4558E2D-1AB0-4E96-BD4B-D296D168DF05}.Debug|Any CPU.Build.0 = Debug|Any CPU
		{F4558E2D-1AB0-4E96-BD4B-D296D168DF05}.Release|Any CPU.ActiveCfg = Release|Any CPU
		{F4558E2D-1AB0-4E96-BD4B-D296D168DF05}.Release|Any CPU.Build.0 = Release|Any CPU
		{D1823CC1-3C81-47BD-962F-9CC00574FDCF}.Debug|Any CPU.ActiveCfg = Debug|Any CPU
		{D1823CC1-3C81-47BD-962F-9CC00574FDCF}.Debug|Any CPU.Build.0 = Debug|Any CPU
		{D1823CC1-3C81-47BD-962F-9CC00574FDCF}.Release|Any CPU.ActiveCfg = Release|Any CPU
		{D1823CC1-3C81-47BD-962F-9CC00574FDCF}.Release|Any CPU.Build.0 = Release|Any CPU
		{B89242CE-16C6-4A06-95E0-7EF5490B8717}.Debug|Any CPU.ActiveCfg = Debug|Any CPU
		{B89242CE-16C6-4A06-95E0-7EF5490B8717}.Debug|Any CPU.Build.0 = Debug|Any CPU
		{B89242CE-16C6-4A06-95E0-7EF5490B8717}.Release|Any CPU.ActiveCfg = Release|Any CPU
		{B89242CE-16C6-4A06-95E0-7EF5490B8717}.Release|Any CPU.Build.0 = Release|Any CPU
		{5D850778-7728-4F33-945A-9D21B633AB5E}.Debug|Any CPU.ActiveCfg = Debug|Any CPU
		{5D850778-7728-4F33-945A-9D21B633AB5E}.Debug|Any CPU.Build.0 = Debug|Any CPU
		{5D850778-7728-4F33-945A-9D21B633AB5E}.Release|Any CPU.ActiveCfg = Release|Any CPU
		{5D850778-7728-4F33-945A-9D21B633AB5E}.Release|Any CPU.Build.0 = Release|Any CPU
		{45BEBECF-8116-4F31-BC00-3DE5CDAB13E7}.Debug|Any CPU.ActiveCfg = Debug|Any CPU
		{45BEBECF-8116-4F31-BC00-3DE5CDAB13E7}.Debug|Any CPU.Build.0 = Debug|Any CPU
		{45BEBECF-8116-4F31-BC00-3DE5CDAB13E7}.Release|Any CPU.ActiveCfg = Release|Any CPU
		{45BEBECF-8116-4F31-BC00-3DE5CDAB13E7}.Release|Any CPU.Build.0 = Release|Any CPU
		{C44B01C3-CD93-4857-8642-23E7E9B9B861}.Debug|Any CPU.ActiveCfg = Debug|Any CPU
		{C44B01C3-CD93-4857-8642-23E7E9B9B861}.Debug|Any CPU.Build.0 = Debug|Any CPU
		{C44B01C3-CD93-4857-8642-23E7E9B9B861}.Release|Any CPU.ActiveCfg = Release|Any CPU
		{C44B01C3-CD93-4857-8642-23E7E9B9B861}.Release|Any CPU.Build.0 = Release|Any CPU
		{266B21B6-CA85-4BDF-A80B-2D1898EFC3FE}.Debug|Any CPU.ActiveCfg = Debug|Any CPU
		{266B21B6-CA85-4BDF-A80B-2D1898EFC3FE}.Debug|Any CPU.Build.0 = Debug|Any CPU
		{266B21B6-CA85-4BDF-A80B-2D1898EFC3FE}.Release|Any CPU.ActiveCfg = Release|Any CPU
		{266B21B6-CA85-4BDF-A80B-2D1898EFC3FE}.Release|Any CPU.Build.0 = Release|Any CPU
	EndGlobalSection
	GlobalSection(SolutionProperties) = preSolution
		HideSolutionNode = FALSE
	EndGlobalSection
	GlobalSection(NestedProjects) = preSolution
		{33769AAA-231E-4742-BEEB-22936841FF55} = {A7015C91-76DF-44D6-8BA4-6D53F7CC983D}
		{C6899F6D-AFD2-417D-90A2-9DC42930ED50} = {7C053289-7F66-48AE-BAC5-A83447307B48}
		{358EA417-A518-46B6-AF6D-9BF71315D851} = {501D7540-2E44-48A8-9F91-E1674D8B72E7}
		{F4558E2D-1AB0-4E96-BD4B-D296D168DF05} = {501D7540-2E44-48A8-9F91-E1674D8B72E7}
		{D1823CC1-3C81-47BD-962F-9CC00574FDCF} = {501D7540-2E44-48A8-9F91-E1674D8B72E7}
		{B89242CE-16C6-4A06-95E0-7EF5490B8717} = {2FFB3E7D-D6EA-4772-9327-21892E665EE3}
		{5D850778-7728-4F33-945A-9D21B633AB5E} = {2FFB3E7D-D6EA-4772-9327-21892E665EE3}
		{45BEBECF-8116-4F31-BC00-3DE5CDAB13E7} = {2FFB3E7D-D6EA-4772-9327-21892E665EE3}
		{C44B01C3-CD93-4857-8642-23E7E9B9B861} = {A7015C91-76DF-44D6-8BA4-6D53F7CC983D}
		{266B21B6-CA85-4BDF-A80B-2D1898EFC3FE} = {A7015C91-76DF-44D6-8BA4-6D53F7CC983D}
	EndGlobalSection
EndGlobal
